
Microsoft Visual Studio Solution File, Format Version 12.00
# Visual Studio Version 17
VisualStudioVersion = 17.9.34728.123
MinimumVisualStudioVersion = 10.0.40219.1
Project("{FAE04EC0-301F-11D3-BF4B-00C04F79EFBC}") = "ReactApp1.Server", "ReactApp1.Server\ReactApp1.Server.csproj", "{89D968FE-8268-4196-81FF-B154F04F369E}"
EndProject
Project("{54A90642-561A-4BB1-A94E-469ADEE60C69}") = "reactapp1.client", "reactapp1.client\reactapp1.client.esproj", "{A9C30363-BA09-4B15-A53B-5F240FE238BB}"
EndProject
Global
	GlobalSection(SolutionConfigurationPlatforms) = preSolution
		Debug|Any CPU = Debug|Any CPU
		Release|Any CPU = Release|Any CPU
	EndGlobalSection
	GlobalSection(ProjectConfigurationPlatforms) = postSolution
		{89D968FE-8268-4196-81FF-B154F04F369E}.Debug|Any CPU.ActiveCfg = Debug|Any CPU
		{89D968FE-8268-4196-81FF-B154F04F369E}.Debug|Any CPU.Build.0 = Debug|Any CPU
		{89D968FE-8268-4196-81FF-B154F04F369E}.Release|Any CPU.ActiveCfg = Release|Any CPU
		{89D968FE-8268-4196-81FF-B154F04F369E}.Release|Any CPU.Build.0 = Release|Any CPU
		{A9C30363-BA09-4B15-A53B-5F240FE238BB}.Debug|Any CPU.ActiveCfg = Debug|Any CPU
		{A9C30363-BA09-4B15-A53B-5F240FE238BB}.Debug|Any CPU.Build.0 = Debug|Any CPU
		{A9C30363-BA09-4B15-A53B-5F240FE238BB}.Debug|Any CPU.Deploy.0 = Debug|Any CPU
		{A9C30363-BA09-4B15-A53B-5F240FE238BB}.Release|Any CPU.ActiveCfg = Release|Any CPU
		{A9C30363-BA09-4B15-A53B-5F240FE238BB}.Release|Any CPU.Build.0 = Release|Any CPU
		{A9C30363-BA09-4B15-A53B-5F240FE238BB}.Release|Any CPU.Deploy.0 = Release|Any CPU
	EndGlobalSection
	GlobalSection(SolutionProperties) = preSolution
		HideSolutionNode = FALSE
	EndGlobalSection
	GlobalSection(ExtensibilityGlobals) = postSolution
		SolutionGuid = {2987D73A-38C4-4F25-BAEB-4E45D0A620E4}
	EndGlobalSection
EndGlobal
